// !$*UTF8*$!
{
	archiveVersion = 1;
	classes = {
	};
	objectVersion = 46;
	objects = {

/* Begin PBXBuildFile section */
		B6273E7E1CF21239008A06C4 /* SignInHelpViewController.swift in Sources */ = {isa = PBXBuildFile; fileRef = B6273E7D1CF21239008A06C4 /* SignInHelpViewController.swift */; };
		B6273E801CF21325008A06C4 /* SignIn2ViewController.swift in Sources */ = {isa = PBXBuildFile; fileRef = B6273E7F1CF21325008A06C4 /* SignIn2ViewController.swift */; };
		B6273E821CF21741008A06C4 /* GettingStartedViewController.swift in Sources */ = {isa = PBXBuildFile; fileRef = B6273E811CF21741008A06C4 /* GettingStartedViewController.swift */; };
		B6273E841CF22703008A06C4 /* NUXViewController.swift in Sources */ = {isa = PBXBuildFile; fileRef = B6273E831CF22703008A06C4 /* NUXViewController.swift */; };
		B6273E861CF22D75008A06C4 /* readme.md in Sources */ = {isa = PBXBuildFile; fileRef = B6273E851CF22D75008A06C4 /* readme.md */; };
		B66C0E951CED4F20000DFE69 /* AppDelegate.swift in Sources */ = {isa = PBXBuildFile; fileRef = B66C0E941CED4F20000DFE69 /* AppDelegate.swift */; };
		B66C0E971CED4F20000DFE69 /* ViewController.swift in Sources */ = {isa = PBXBuildFile; fileRef = B66C0E961CED4F20000DFE69 /* ViewController.swift */; };
		B66C0E9A1CED4F20000DFE69 /* Main.storyboard in Resources */ = {isa = PBXBuildFile; fileRef = B66C0E981CED4F20000DFE69 /* Main.storyboard */; };
		B66C0E9C1CED4F20000DFE69 /* Assets.xcassets in Resources */ = {isa = PBXBuildFile; fileRef = B66C0E9B1CED4F20000DFE69 /* Assets.xcassets */; };
		B66C0E9F1CED4F20000DFE69 /* LaunchScreen.storyboard in Resources */ = {isa = PBXBuildFile; fileRef = B66C0E9D1CED4F20000DFE69 /* LaunchScreen.storyboard */; };
		B66C0EAA1CED4F20000DFE69 /* DropboxTests.swift in Sources */ = {isa = PBXBuildFile; fileRef = B66C0EA91CED4F20000DFE69 /* DropboxTests.swift */; };
		B66C0EB51CED4F20000DFE69 /* DropboxUITests.swift in Sources */ = {isa = PBXBuildFile; fileRef = B66C0EB41CED4F20000DFE69 /* DropboxUITests.swift */; };
		B6B1C1E51CEE9E0A0049F559 /* SignInRootViewController.swift in Sources */ = {isa = PBXBuildFile; fileRef = B6B1C1E41CEE9E0A0049F559 /* SignInRootViewController.swift */; };
		B6B1C1E91CEEA0F60049F559 /* CreateAccountRootViewController.swift in Sources */ = {isa = PBXBuildFile; fileRef = B6B1C1E81CEEA0F60049F559 /* CreateAccountRootViewController.swift */; };
		B6B1C1EB1CEEA12E0049F559 /* CreateAccountViewController.swift in Sources */ = {isa = PBXBuildFile; fileRef = B6B1C1EA1CEEA12E0049F559 /* CreateAccountViewController.swift */; };
		B6B1C1ED1CEEA19B0049F559 /* SignInViewController.swift in Sources */ = {isa = PBXBuildFile; fileRef = B6B1C1EC1CEEA19B0049F559 /* SignInViewController.swift */; };
		B6B1C1EF1CEEA3760049F559 /* TermsViewController.swift in Sources */ = {isa = PBXBuildFile; fileRef = B6B1C1EE1CEEA3760049F559 /* TermsViewController.swift */; };
		B6B1C1F11CEEA5DB0049F559 /* SettingsViewController.swift in Sources */ = {isa = PBXBuildFile; fileRef = B6B1C1F01CEEA5DB0049F559 /* SettingsViewController.swift */; };
/* End PBXBuildFile section */

/* Begin PBXContainerItemProxy section */
		B66C0EA61CED4F20000DFE69 /* PBXContainerItemProxy */ = {
			isa = PBXContainerItemProxy;
			containerPortal = B66C0E891CED4F1F000DFE69 /* Project object */;
			proxyType = 1;
			remoteGlobalIDString = B66C0E901CED4F1F000DFE69;
			remoteInfo = Dropbox;
		};
		B66C0EB11CED4F20000DFE69 /* PBXContainerItemProxy */ = {
			isa = PBXContainerItemProxy;
			containerPortal = B66C0E891CED4F1F000DFE69 /* Project object */;
			proxyType = 1;
			remoteGlobalIDString = B66C0E901CED4F1F000DFE69;
			remoteInfo = Dropbox;
		};
/* End PBXContainerItemProxy section */

/* Begin PBXFileReference section */
		B6273E7D1CF21239008A06C4 /* SignInHelpViewController.swift */ = {isa = PBXFileReference; fileEncoding = 4; lastKnownFileType = sourcecode.swift; path = SignInHelpViewController.swift; sourceTree = "<group>"; };
		B6273E7F1CF21325008A06C4 /* SignIn2ViewController.swift */ = {isa = PBXFileReference; fileEncoding = 4; lastKnownFileType = sourcecode.swift; path = SignIn2ViewController.swift; sourceTree = "<group>"; };
		B6273E811CF21741008A06C4 /* GettingStartedViewController.swift */ = {isa = PBXFileReference; fileEncoding = 4; lastKnownFileType = sourcecode.swift; path = GettingStartedViewController.swift; sourceTree = "<group>"; };
		B6273E831CF22703008A06C4 /* NUXViewController.swift */ = {isa = PBXFileReference; fileEncoding = 4; lastKnownFileType = sourcecode.swift; path = NUXViewController.swift; sourceTree = "<group>"; };
		B6273E851CF22D75008A06C4 /* readme.md */ = {isa = PBXFileReference; fileEncoding = 4; lastKnownFileType = net.daringfireball.markdown; path = readme.md; sourceTree = "<group>"; };
		B66C0E911CED4F1F000DFE69 /* Dropbox.app */ = {isa = PBXFileReference; explicitFileType = wrapper.application; includeInIndex = 0; path = Dropbox.app; sourceTree = BUILT_PRODUCTS_DIR; };
		B66C0E941CED4F20000DFE69 /* AppDelegate.swift */ = {isa = PBXFileReference; lastKnownFileType = sourcecode.swift; path = AppDelegate.swift; sourceTree = "<group>"; };
		B66C0E961CED4F20000DFE69 /* ViewController.swift */ = {isa = PBXFileReference; lastKnownFileType = sourcecode.swift; path = ViewController.swift; sourceTree = "<group>"; };
		B66C0E991CED4F20000DFE69 /* Base */ = {isa = PBXFileReference; lastKnownFileType = file.storyboard; name = Base; path = Base.lproj/Main.storyboard; sourceTree = "<group>"; };
		B66C0E9B1CED4F20000DFE69 /* Assets.xcassets */ = {isa = PBXFileReference; lastKnownFileType = folder.assetcatalog; path = Assets.xcassets; sourceTree = "<group>"; };
		B66C0E9E1CED4F20000DFE69 /* Base */ = {isa = PBXFileReference; lastKnownFileType = file.storyboard; name = Base; path = Base.lproj/LaunchScreen.storyboard; sourceTree = "<group>"; };
		B66C0EA01CED4F20000DFE69 /* Info.plist */ = {isa = PBXFileReference; lastKnownFileType = text.plist.xml; path = Info.plist; sourceTree = "<group>"; };
		B66C0EA51CED4F20000DFE69 /* DropboxTests.xctest */ = {isa = PBXFileReference; explicitFileType = wrapper.cfbundle; includeInIndex = 0; path = DropboxTests.xctest; sourceTree = BUILT_PRODUCTS_DIR; };
		B66C0EA91CED4F20000DFE69 /* DropboxTests.swift */ = {isa = PBXFileReference; lastKnownFileType = sourcecode.swift; path = DropboxTests.swift; sourceTree = "<group>"; };
		B66C0EAB1CED4F20000DFE69 /* Info.plist */ = {isa = PBXFileReference; lastKnownFileType = text.plist.xml; path = Info.plist; sourceTree = "<group>"; };
		B66C0EB01CED4F20000DFE69 /* DropboxUITests.xctest */ = {isa = PBXFileReference; explicitFileType = wrapper.cfbundle; includeInIndex = 0; path = DropboxUITests.xctest; sourceTree = BUILT_PRODUCTS_DIR; };
		B66C0EB41CED4F20000DFE69 /* DropboxUITests.swift */ = {isa = PBXFileReference; lastKnownFileType = sourcecode.swift; path = DropboxUITests.swift; sourceTree = "<group>"; };
		B66C0EB61CED4F20000DFE69 /* Info.plist */ = {isa = PBXFileReference; lastKnownFileType = text.plist.xml; path = Info.plist; sourceTree = "<group>"; };
		B6B1C1E41CEE9E0A0049F559 /* SignInRootViewController.swift */ = {isa = PBXFileReference; fileEncoding = 4; lastKnownFileType = sourcecode.swift; path = SignInRootViewController.swift; sourceTree = "<group>"; };
		B6B1C1E81CEEA0F60049F559 /* CreateAccountRootViewController.swift */ = {isa = PBXFileReference; fileEncoding = 4; lastKnownFileType = sourcecode.swift; path = CreateAccountRootViewController.swift; sourceTree = "<group>"; };
		B6B1C1EA1CEEA12E0049F559 /* CreateAccountViewController.swift */ = {isa = PBXFileReference; fileEncoding = 4; lastKnownFileType = sourcecode.swift; path = CreateAccountViewController.swift; sourceTree = "<group>"; };
		B6B1C1EC1CEEA19B0049F559 /* SignInViewController.swift */ = {isa = PBXFileReference; fileEncoding = 4; lastKnownFileType = sourcecode.swift; path = SignInViewController.swift; sourceTree = "<group>"; };
		B6B1C1EE1CEEA3760049F559 /* TermsViewController.swift */ = {isa = PBXFileReference; fileEncoding = 4; lastKnownFileType = sourcecode.swift; path = TermsViewController.swift; sourceTree = "<group>"; };
		B6B1C1F01CEEA5DB0049F559 /* SettingsViewController.swift */ = {isa = PBXFileReference; fileEncoding = 4; lastKnownFileType = sourcecode.swift; path = SettingsViewController.swift; sourceTree = "<group>"; };
/* End PBXFileReference section */

/* Begin PBXFrameworksBuildPhase section */
		B66C0E8E1CED4F1F000DFE69 /* Frameworks */ = {
			isa = PBXFrameworksBuildPhase;
			buildActionMask = 2147483647;
			files = (
			);
			runOnlyForDeploymentPostprocessing = 0;
		};
		B66C0EA21CED4F20000DFE69 /* Frameworks */ = {
			isa = PBXFrameworksBuildPhase;
			buildActionMask = 2147483647;
			files = (
			);
			runOnlyForDeploymentPostprocessing = 0;
		};
		B66C0EAD1CED4F20000DFE69 /* Frameworks */ = {
			isa = PBXFrameworksBuildPhase;
			buildActionMask = 2147483647;
			files = (
			);
			runOnlyForDeploymentPostprocessing = 0;
		};
/* End PBXFrameworksBuildPhase section */

/* Begin PBXGroup section */
		B66C0E881CED4F1F000DFE69 = {
			isa = PBXGroup;
			children = (
				B6273E851CF22D75008A06C4 /* readme.md */,
				B6273E831CF22703008A06C4 /* NUXViewController.swift */,
				B66C0E931CED4F1F000DFE69 /* Dropbox */,
				B66C0EA81CED4F20000DFE69 /* DropboxTests */,
				B66C0EB31CED4F20000DFE69 /* DropboxUITests */,
				B66C0E921CED4F1F000DFE69 /* Products */,
			);
			sourceTree = "<group>";
		};
		B66C0E921CED4F1F000DFE69 /* Products */ = {
			isa = PBXGroup;
			children = (
				B66C0E911CED4F1F000DFE69 /* Dropbox.app */,
				B66C0EA51CED4F20000DFE69 /* DropboxTests.xctest */,
				B66C0EB01CED4F20000DFE69 /* DropboxUITests.xctest */,
			);
			name = Products;
			sourceTree = "<group>";
		};
		B66C0E931CED4F1F000DFE69 /* Dropbox */ = {
			isa = PBXGroup;
			children = (
				B66C0E941CED4F20000DFE69 /* AppDelegate.swift */,
				B66C0E961CED4F20000DFE69 /* ViewController.swift */,
				B6B1C1E81CEEA0F60049F559 /* CreateAccountRootViewController.swift */,
				B66C0E981CED4F20000DFE69 /* Main.storyboard */,
				B6273E811CF21741008A06C4 /* GettingStartedViewController.swift */,
				B6273E7F1CF21325008A06C4 /* SignIn2ViewController.swift */,
				B6273E7D1CF21239008A06C4 /* SignInHelpViewController.swift */,
				B6B1C1F01CEEA5DB0049F559 /* SettingsViewController.swift */,
				B6B1C1EE1CEEA3760049F559 /* TermsViewController.swift */,
				B6B1C1EC1CEEA19B0049F559 /* SignInViewController.swift */,
				B6B1C1EA1CEEA12E0049F559 /* CreateAccountViewController.swift */,
				B6B1C1E41CEE9E0A0049F559 /* SignInRootViewController.swift */,
				B66C0E9B1CED4F20000DFE69 /* Assets.xcassets */,
				B66C0E9D1CED4F20000DFE69 /* LaunchScreen.storyboard */,
				B66C0EA01CED4F20000DFE69 /* Info.plist */,
			);
			path = Dropbox;
			sourceTree = "<group>";
		};
		B66C0EA81CED4F20000DFE69 /* DropboxTests */ = {
			isa = PBXGroup;
			children = (
				B66C0EA91CED4F20000DFE69 /* DropboxTests.swift */,
				B66C0EAB1CED4F20000DFE69 /* Info.plist */,
			);
			path = DropboxTests;
			sourceTree = "<group>";
		};
		B66C0EB31CED4F20000DFE69 /* DropboxUITests */ = {
			isa = PBXGroup;
			children = (
				B66C0EB41CED4F20000DFE69 /* DropboxUITests.swift */,
				B66C0EB61CED4F20000DFE69 /* Info.plist */,
			);
			path = DropboxUITests;
			sourceTree = "<group>";
		};
/* End PBXGroup section */

/* Begin PBXNativeTarget section */
		B66C0E901CED4F1F000DFE69 /* Dropbox */ = {
			isa = PBXNativeTarget;
			buildConfigurationList = B66C0EB91CED4F20000DFE69 /* Build configuration list for PBXNativeTarget "Dropbox" */;
			buildPhases = (
				B66C0E8D1CED4F1F000DFE69 /* Sources */,
				B66C0E8E1CED4F1F000DFE69 /* Frameworks */,
				B66C0E8F1CED4F1F000DFE69 /* Resources */,
			);
			buildRules = (
			);
			dependencies = (
			);
			name = Dropbox;
			productName = Dropbox;
			productReference = B66C0E911CED4F1F000DFE69 /* Dropbox.app */;
			productType = "com.apple.product-type.application";
		};
		B66C0EA41CED4F20000DFE69 /* DropboxTests */ = {
			isa = PBXNativeTarget;
			buildConfigurationList = B66C0EBC1CED4F20000DFE69 /* Build configuration list for PBXNativeTarget "DropboxTests" */;
			buildPhases = (
				B66C0EA11CED4F20000DFE69 /* Sources */,
				B66C0EA21CED4F20000DFE69 /* Frameworks */,
				B66C0EA31CED4F20000DFE69 /* Resources */,
			);
			buildRules = (
			);
			dependencies = (
				B66C0EA71CED4F20000DFE69 /* PBXTargetDependency */,
			);
			name = DropboxTests;
			productName = DropboxTests;
			productReference = B66C0EA51CED4F20000DFE69 /* DropboxTests.xctest */;
			productType = "com.apple.product-type.bundle.unit-test";
		};
		B66C0EAF1CED4F20000DFE69 /* DropboxUITests */ = {
			isa = PBXNativeTarget;
			buildConfigurationList = B66C0EBF1CED4F20000DFE69 /* Build configuration list for PBXNativeTarget "DropboxUITests" */;
			buildPhases = (
				B66C0EAC1CED4F20000DFE69 /* Sources */,
				B66C0EAD1CED4F20000DFE69 /* Frameworks */,
				B66C0EAE1CED4F20000DFE69 /* Resources */,
			);
			buildRules = (
			);
			dependencies = (
				B66C0EB21CED4F20000DFE69 /* PBXTargetDependency */,
			);
			name = DropboxUITests;
			productName = DropboxUITests;
			productReference = B66C0EB01CED4F20000DFE69 /* DropboxUITests.xctest */;
			productType = "com.apple.product-type.bundle.ui-testing";
		};
/* End PBXNativeTarget section */

/* Begin PBXProject section */
		B66C0E891CED4F1F000DFE69 /* Project object */ = {
			isa = PBXProject;
			attributes = {
				LastSwiftUpdateCheck = 0730;
				LastUpgradeCheck = 0730;
				ORGANIZATIONNAME = "Sampo Karjalainen";
				TargetAttributes = {
					B66C0E901CED4F1F000DFE69 = {
						CreatedOnToolsVersion = 7.3;
					};
					B66C0EA41CED4F20000DFE69 = {
						CreatedOnToolsVersion = 7.3;
						TestTargetID = B66C0E901CED4F1F000DFE69;
					};
					B66C0EAF1CED4F20000DFE69 = {
						CreatedOnToolsVersion = 7.3;
						TestTargetID = B66C0E901CED4F1F000DFE69;
					};
				};
			};
			buildConfigurationList = B66C0E8C1CED4F1F000DFE69 /* Build configuration list for PBXProject "Dropbox" */;
			compatibilityVersion = "Xcode 3.2";
			developmentRegion = English;
			hasScannedForEncodings = 0;
			knownRegions = (
				en,
				Base,
			);
			mainGroup = B66C0E881CED4F1F000DFE69;
			productRefGroup = B66C0E921CED4F1F000DFE69 /* Products */;
			projectDirPath = "";
			projectRoot = "";
			targets = (
				B66C0E901CED4F1F000DFE69 /* Dropbox */,
				B66C0EA41CED4F20000DFE69 /* DropboxTests */,
				B66C0EAF1CED4F20000DFE69 /* DropboxUITests */,
			);
		};
/* End PBXProject section */

/* Begin PBXResourcesBuildPhase section */
		B66C0E8F1CED4F1F000DFE69 /* Resources */ = {
			isa = PBXResourcesBuildPhase;
			buildActionMask = 2147483647;
			files = (
				B66C0E9F1CED4F20000DFE69 /* LaunchScreen.storyboard in Resources */,
				B66C0E9C1CED4F20000DFE69 /* Assets.xcassets in Resources */,
				B66C0E9A1CED4F20000DFE69 /* Main.storyboard in Resources */,
			);
			runOnlyForDeploymentPostprocessing = 0;
		};
		B66C0EA31CED4F20000DFE69 /* Resources */ = {
			isa = PBXResourcesBuildPhase;
			buildActionMask = 2147483647;
			files = (
			);
			runOnlyForDeploymentPostprocessing = 0;
		};
		B66C0EAE1CED4F20000DFE69 /* Resources */ = {
			isa = PBXResourcesBuildPhase;
			buildActionMask = 2147483647;
			files = (
			);
			runOnlyForDeploymentPostprocessing = 0;
		};
/* End PBXResourcesBuildPhase section */

/* Begin PBXSourcesBuildPhase section */
		B66C0E8D1CED4F1F000DFE69 /* Sources */ = {
			isa = PBXSourcesBuildPhase;
			buildActionMask = 2147483647;
			files = (
				B6B1C1EB1CEEA12E0049F559 /* CreateAccountViewController.swift in Sources */,
				B6273E801CF21325008A06C4 /* SignIn2ViewController.swift in Sources */,
				B6B1C1E91CEEA0F60049F559 /* CreateAccountRootViewController.swift in Sources */,
				B6273E861CF22D75008A06C4 /* readme.md in Sources */,
				B6B1C1ED1CEEA19B0049F559 /* SignInViewController.swift in Sources */,
				B6273E821CF21741008A06C4 /* GettingStartedViewController.swift in Sources */,
				B6273E7E1CF21239008A06C4 /* SignInHelpViewController.swift in Sources */,
				B66C0E971CED4F20000DFE69 /* ViewController.swift in Sources */,
				B66C0E951CED4F20000DFE69 /* AppDelegate.swift in Sources */,
				B6273E841CF22703008A06C4 /* NUXViewController.swift in Sources */,
				B6B1C1E51CEE9E0A0049F559 /* SignInRootViewController.swift in Sources */,
				B6B1C1EF1CEEA3760049F559 /* TermsViewController.swift in Sources */,
				B6B1C1F11CEEA5DB0049F559 /* SettingsViewController.swift in Sources */,
			);
			runOnlyForDeploymentPostprocessing = 0;
		};
		B66C0EA11CED4F20000DFE69 /* Sources */ = {
			isa = PBXSourcesBuildPhase;
			buildActionMask = 2147483647;
			files = (
				B66C0EAA1CED4F20000DFE69 /* DropboxTests.swift in Sources */,
			);
			runOnlyForDeploymentPostprocessing = 0;
		};
		B66C0EAC1CED4F20000DFE69 /* Sources */ = {
			isa = PBXSourcesBuildPhase;
			buildActionMask = 2147483647;
			files = (
				B66C0EB51CED4F20000DFE69 /* DropboxUITests.swift in Sources */,
			);
			runOnlyForDeploymentPostprocessing = 0;
		};
/* End PBXSourcesBuildPhase section */

/* Begin PBXTargetDependency section */
		B66C0EA71CED4F20000DFE69 /* PBXTargetDependency */ = {
			isa = PBXTargetDependency;
			target = B66C0E901CED4F1F000DFE69 /* Dropbox */;
			targetProxy = B66C0EA61CED4F20000DFE69 /* PBXContainerItemProxy */;
		};
		B66C0EB21CED4F20000DFE69 /* PBXTargetDependency */ = {
			isa = PBXTargetDependency;
			target = B66C0E901CED4F1F000DFE69 /* Dropbox */;
			targetProxy = B66C0EB11CED4F20000DFE69 /* PBXContainerItemProxy */;
		};
/* End PBXTargetDependency section */

/* Begin PBXVariantGroup section */
		B66C0E981CED4F20000DFE69 /* Main.storyboard */ = {
			isa = PBXVariantGroup;
			children = (
				B66C0E991CED4F20000DFE69 /* Base */,
			);
			name = Main.storyboard;
			sourceTree = "<group>";
		};
		B66C0E9D1CED4F20000DFE69 /* LaunchScreen.storyboard */ = {
			isa = PBXVariantGroup;
			children = (
				B66C0E9E1CED4F20000DFE69 /* Base */,
			);
			name = LaunchScreen.storyboard;
			sourceTree = "<group>";
		};
/* End PBXVariantGroup section */

/* Begin XCBuildConfiguration section */
		B66C0EB71CED4F20000DFE69 /* Debug */ = {
			isa = XCBuildConfiguration;
			buildSettings = {
				ALWAYS_SEARCH_USER_PATHS = NO;
				CLANG_ANALYZER_NONNULL = YES;
				CLANG_CXX_LANGUAGE_STANDARD = "gnu++0x";
				CLANG_CXX_LIBRARY = "libc++";
				CLANG_ENABLE_MODULES = YES;
				CLANG_ENABLE_OBJC_ARC = YES;
				CLANG_WARN_BOOL_CONVERSION = YES;
				CLANG_WARN_CONSTANT_CONVERSION = YES;
				CLANG_WARN_DIRECT_OBJC_ISA_USAGE = YES_ERROR;
				CLANG_WARN_EMPTY_BODY = YES;
				CLANG_WARN_ENUM_CONVERSION = YES;
				CLANG_WARN_INT_CONVERSION = YES;
				CLANG_WARN_OBJC_ROOT_CLASS = YES_ERROR;
				CLANG_WARN_UNREACHABLE_CODE = YES;
				CLANG_WARN__DUPLICATE_METHOD_MATCH = YES;
				"CODE_SIGN_IDENTITY[sdk=iphoneos*]" = "iPhone Developer";
				COPY_PHASE_STRIP = NO;
				DEBUG_INFORMATION_FORMAT = dwarf;
				ENABLE_STRICT_OBJC_MSGSEND = YES;
				ENABLE_TESTABILITY = YES;
				GCC_C_LANGUAGE_STANDARD = gnu99;
				GCC_DYNAMIC_NO_PIC = NO;
				GCC_NO_COMMON_BLOCKS = YES;
				GCC_OPTIMIZATION_LEVEL = 0;
				GCC_PREPROCESSOR_DEFINITIONS = (
					"DEBUG=1",
					"$(inherited)",
				);
				GCC_WARN_64_TO_32_BIT_CONVERSION = YES;
				GCC_WARN_ABOUT_RETURN_TYPE = YES_ERROR;
				GCC_WARN_UNDECLARED_SELECTOR = YES;
				GCC_WARN_UNINITIALIZED_AUTOS = YES_AGGRESSIVE;
				GCC_WARN_UNUSED_FUNCTION = YES;
				GCC_WARN_UNUSED_VARIABLE = YES;
				IPHONEOS_DEPLOYMENT_TARGET = 9.3;
				MTL_ENABLE_DEBUG_INFO = YES;
				ONLY_ACTIVE_ARCH = YES;
				SDKROOT = iphoneos;
				SWIFT_OPTIMIZATION_LEVEL = "-Onone";
			};
			name = Debug;
		};
		B66C0EB81CED4F20000DFE69 /* Release */ = {
			isa = XCBuildConfiguration;
			buildSettings = {
				ALWAYS_SEARCH_USER_PATHS = NO;
				CLANG_ANALYZER_NONNULL = YES;
				CLANG_CXX_LANGUAGE_STANDARD = "gnu++0x";
				CLANG_CXX_LIBRARY = "libc++";
				CLANG_ENABLE_MODULES = YES;
				CLANG_ENABLE_OBJC_ARC = YES;
				CLANG_WARN_BOOL_CONVERSION = YES;
				CLANG_WARN_CONSTANT_CONVERSION = YES;
				CLANG_WARN_DIRECT_OBJC_ISA_USAGE = YES_ERROR;
				CLANG_WARN_EMPTY_BODY = YES;
				CLANG_WARN_ENUM_CONVERSION = YES;
				CLANG_WARN_INT_CONVERSION = YES;
				CLANG_WARN_OBJC_ROOT_CLASS = YES_ERROR;
				CLANG_WARN_UNREACHABLE_CODE = YES;
				CLANG_WARN__DUPLICATE_METHOD_MATCH = YES;
				"CODE_SIGN_IDENTITY[sdk=iphoneos*]" = "iPhone Developer";
				COPY_PHASE_STRIP = NO;
				DEBUG_INFORMATION_FORMAT = "dwarf-with-dsym";
				ENABLE_NS_ASSERTIONS = NO;
				ENABLE_STRICT_OBJC_MSGSEND = YES;
				GCC_C_LANGUAGE_STANDARD = gnu99;
				GCC_NO_COMMON_BLOCKS = YES;
				GCC_WARN_64_TO_32_BIT_CONVERSION = YES;
				GCC_WARN_ABOUT_RETURN_TYPE = YES_ERROR;
				GCC_WARN_UNDECLARED_SELECTOR = YES;
				GCC_WARN_UNINITIALIZED_AUTOS = YES_AGGRESSIVE;
				GCC_WARN_UNUSED_FUNCTION = YES;
				GCC_WARN_UNUSED_VARIABLE = YES;
				IPHONEOS_DEPLOYMENT_TARGET = 9.3;
				MTL_ENABLE_DEBUG_INFO = NO;
				SDKROOT = iphoneos;
				VALIDATE_PRODUCT = YES;
			};
			name = Release;
		};
		B66C0EBA1CED4F20000DFE69 /* Debug */ = {
			isa = XCBuildConfiguration;
			buildSettings = {
				ASSETCATALOG_COMPILER_APPICON_NAME = AppIcon;
				INFOPLIST_FILE = Dropbox/Info.plist;
				LD_RUNPATH_SEARCH_PATHS = "$(inherited) @executable_path/Frameworks";
				PRODUCT_BUNDLE_IDENTIFIER = com.example.Dropbox;
				PRODUCT_NAME = "$(TARGET_NAME)";
			};
			name = Debug;
		};
		B66C0EBB1CED4F20000DFE69 /* Release */ = {
			isa = XCBuildConfiguration;
			buildSettings = {
				ASSETCATALOG_COMPILER_APPICON_NAME = AppIcon;
				INFOPLIST_FILE = Dropbox/Info.plist;
				LD_RUNPATH_SEARCH_PATHS = "$(inherited) @executable_path/Frameworks";
				PRODUCT_BUNDLE_IDENTIFIER = com.example.Dropbox;
				PRODUCT_NAME = "$(TARGET_NAME)";
			};
			name = Release;
		};
		B66C0EBD1CED4F20000DFE69 /* Debug */ = {
			isa = XCBuildConfiguration;
			buildSettings = {
				BUNDLE_LOADER = "$(TEST_HOST)";
				INFOPLIST_FILE = DropboxTests/Info.plist;
				LD_RUNPATH_SEARCH_PATHS = "$(inherited) @executable_path/Frameworks @loader_path/Frameworks";
				PRODUCT_BUNDLE_IDENTIFIER = com.example.DropboxTests;
				PRODUCT_NAME = "$(TARGET_NAME)";
				TEST_HOST = "$(BUILT_PRODUCTS_DIR)/Dropbox.app/Dropbox";
			};
			name = Debug;
		};
		B66C0EBE1CED4F20000DFE69 /* Release */ = {
			isa = XCBuildConfiguration;
			buildSettings = {
				BUNDLE_LOADER = "$(TEST_HOST)";
				INFOPLIST_FILE = DropboxTests/Info.plist;
				LD_RUNPATH_SEARCH_PATHS = "$(inherited) @executable_path/Frameworks @loader_path/Frameworks";
				PRODUCT_BUNDLE_IDENTIFIER = com.example.DropboxTests;
				PRODUCT_NAME = "$(TARGET_NAME)";
				TEST_HOST = "$(BUILT_PRODUCTS_DIR)/Dropbox.app/Dropbox";
			};
			name = Release;
		};
		B66C0EC01CED4F20000DFE69 /* Debug */ = {
			isa = XCBuildConfiguration;
			buildSettings = {
				INFOPLIST_FILE = DropboxUITests/Info.plist;
				LD_RUNPATH_SEARCH_PATHS = "$(inherited) @executable_path/Frameworks @loader_path/Frameworks";
				PRODUCT_BUNDLE_IDENTIFIER = com.example.DropboxUITests;
				PRODUCT_NAME = "$(TARGET_NAME)";
				TEST_TARGET_NAME = Dropbox;
			};
			name = Debug;
		};
		B66C0EC11CED4F20000DFE69 /* Release */ = {
			isa = XCBuildConfiguration;
			buildSettings = {
				INFOPLIST_FILE = DropboxUITests/Info.plist;
				LD_RUNPATH_SEARCH_PATHS = "$(inherited) @executable_path/Frameworks @loader_path/Frameworks";
				PRODUCT_BUNDLE_IDENTIFIER = com.example.DropboxUITests;
				PRODUCT_NAME = "$(TARGET_NAME)";
				TEST_TARGET_NAME = Dropbox;
			};
			name = Release;
		};
/* End XCBuildConfiguration section */

/* Begin XCConfigurationList section */
		B66C0E8C1CED4F1F000DFE69 /* Build configuration list for PBXProject "Dropbox" */ = {
			isa = XCConfigurationList;
			buildConfigurations = (
				B66C0EB71CED4F20000DFE69 /* Debug */,
				B66C0EB81CED4F20000DFE69 /* Release */,
			);
			defaultConfigurationIsVisible = 0;
			defaultConfigurationName = Release;
		};
		B66C0EB91CED4F20000DFE69 /* Build configuration list for PBXNativeTarget "Dropbox" */ = {
			isa = XCConfigurationList;
			buildConfigurations = (
				B66C0EBA1CED4F20000DFE69 /* Debug */,
				B66C0EBB1CED4F20000DFE69 /* Release */,
			);
			defaultConfigurationIsVisible = 0;
			defaultConfigurationName = Release;
		};
		B66C0EBC1CED4F20000DFE69 /* Build configuration list for PBXNativeTarget "DropboxTests" */ = {
			isa = XCConfigurationList;
			buildConfigurations = (
				B66C0EBD1CED4F20000DFE69 /* Debug */,
				B66C0EBE1CED4F20000DFE69 /* Release */,
			);
			defaultConfigurationIsVisible = 0;
			defaultConfigurationName = Release;
		};
		B66C0EBF1CED4F20000DFE69 /* Build configuration list for PBXNativeTarget "DropboxUITests" */ = {
			isa = XCConfigurationList;
			buildConfigurations = (
				B66C0EC01CED4F20000DFE69 /* Debug */,
				B66C0EC11CED4F20000DFE69 /* Release */,
			);
			defaultConfigurationIsVisible = 0;
			defaultConfigurationName = Release;
		};
/* End XCConfigurationList section */
	};
	rootObject = B66C0E891CED4F1F000DFE69 /* Project object */;
}
